
Microsoft Visual Studio Solution File, Format Version 12.00
# Visual Studio Version 17
VisualStudioVersion = 17.13.35825.156 d17.13
MinimumVisualStudioVersion = 10.0.40219.1
Project("{FAE04EC0-301F-11D3-BF4B-00C04F79EFBC}") = "SP 01. Processes", "SP 01. Processes\SP 01. Processes.csproj", "{D4A9F589-16B6-41D9-AC56-8F6CA6C7B1D3}"
EndProject
Global
	GlobalSection(SolutionConfigurationPlatforms) = preSolution
		Debug|Any CPU = Debug|Any CPU
		Release|Any CPU = Release|Any CPU
	EndGlobalSection
	GlobalSection(ProjectConfigurationPlatforms) = postSolution
		{D4A9F589-16B6-41D9-AC56-8F6CA6C7B1D3}.Debug|Any CPU.ActiveCfg = Debug|Any CPU
		{D4A9F589-16B6-41D9-AC56-8F6CA6C7B1D3}.Debug|Any CPU.Build.0 = Debug|Any CPU
		{D4A9F589-16B6-41D9-AC56-8F6CA6C7B1D3}.Release|Any CPU.ActiveCfg = Release|Any CPU
		{D4A9F589-16B6-41D9-AC56-8F6CA6C7B1D3}.Release|Any CPU.Build.0 = Release|Any CPU
	EndGlobalSection
	GlobalSection(SolutionProperties) = preSolution
		HideSolutionNode = FALSE
	EndGlobalSection
	GlobalSection(ExtensibilityGlobals) = postSolution
		SolutionGuid = {63512BA3-066E-41B3-B697-217F6566FDE7}
	EndGlobalSection
EndGlobal
