
Microsoft Visual Studio Solution File, Format Version 12.00
# Visual Studio Version 17
VisualStudioVersion = 17.13.35825.156
MinimumVisualStudioVersion = 10.0.40219.1
Project("{FAE04EC0-301F-11D3-BF4B-00C04F79EFBC}") = "SP 01. Processes", "SP 01. Processes\SP 01. Processes.csproj", "{D4A9F589-16B6-41D9-AC56-8F6CA6C7B1D3}"
EndProject
Project("{2150E333-8FDC-42A3-9474-1A3956D46DE8}") = "SP 01", "SP 01", "{02EA681E-C7D8-13C7-8484-4AC65E1B71E8}"
EndProject
Project("{2150E333-8FDC-42A3-9474-1A3956D46DE8}") = "SP 02", "SP 02", "{D9503B97-CA7D-4C63-AF5E-BBB6BF961166}"
EndProject
Project("{FAE04EC0-301F-11D3-BF4B-00C04F79EFBC}") = "SP 02. Threads", "SP 02. Threads\SP 02. Threads.csproj", "{2EF8C38B-2DD4-4AD6-8AD0-4D0CCDF5048B}"
EndProject
Project("{FAE04EC0-301F-11D3-BF4B-00C04F79EFBC}") = "SP 02. UI Thread", "SP 02. UI Thread\SP 02. UI Thread.csproj", "{7970BFD1-848B-4077-83AC-4DE22643548E}"
EndProject
Project("{2150E333-8FDC-42A3-9474-1A3956D46DE8}") = "SP 03", "SP 03", "{1E23A5C8-4E63-4AAF-941E-9A28BD8A8663}"
EndProject
Project("{FAE04EC0-301F-11D3-BF4B-00C04F79EFBC}") = "SP 03. ThreadPool", "SP 03. ThreadPool\SP 03. ThreadPool.csproj", "{725E6AB3-F2DC-4A02-92DA-3D670C6A875D}"
EndProject
Project("{FAE04EC0-301F-11D3-BF4B-00C04F79EFBC}") = "SP 03. ThreadPool VS Thread", "SP 03. ThreadPool VS Thread\SP 03. ThreadPool VS Thread.csproj", "{3C65A4D2-6670-45CB-AF22-63D5EA136F6D}"
EndProject
Project("{2150E333-8FDC-42A3-9474-1A3956D46DE8}") = "SP 04", "SP 04", "{DDCD3139-447D-4389-9A2D-8C80FE610735}"
EndProject
Project("{FAE04EC0-301F-11D3-BF4B-00C04F79EFBC}") = "SP 04. monitor lock", "SP 04. monitor lock\SP 04. monitor lock.csproj", "{3650E4D8-2DC8-40DA-9683-C912766F9C77}"
EndProject
Project("{2150E333-8FDC-42A3-9474-1A3956D46DE8}") = "SP 05", "SP 05", "{AC9CEC20-8F2D-4772-AE2C-3EE1E6466570}"
EndProject
Project("{FAE04EC0-301F-11D3-BF4B-00C04F79EFBC}") = "SP 05. Mutex", "SP 05. Mutex\SP 05. Mutex.csproj", "{E807765B-EA8C-49F3-B409-84E3E147C41E}"
EndProject
Project("{FAE04EC0-301F-11D3-BF4B-00C04F79EFBC}") = "SP 05. Semaphore SemaphoreSlim", "SP 05. Semaphore SemaphoreSlim\SP 05. Semaphore SemaphoreSlim.csproj", "{BE7AF087-3124-4DBD-AC29-2A09BA1FA265}"
EndProject
Project("{FAE04EC0-301F-11D3-BF4B-00C04F79EFBC}") = "SP 05. AutoResetEvent", "SP 05. AutoResetEvent\SP 05. AutoResetEvent.csproj", "{6975C2F4-5CC2-4059-AEA4-B1D6A71D80F6}"
EndProject
Project("{FAE04EC0-301F-11D3-BF4B-00C04F79EFBC}") = "SP 05. Cancellation Token", "SP 05. Cancellation Token\SP 05. Cancellation Token.csproj", "{4FAD5C59-1D1E-4B41-ACCD-CA4959F6E428}"
EndProject
Project("{FAE04EC0-301F-11D3-BF4B-00C04F79EFBC}") = "SP 05. Deadlock", "SP 05. Deadlock\SP 05. Deadlock.csproj", "{BB71AA07-B987-4CC1-9495-25961F31CA4A}"
EndProject
Project("{2150E333-8FDC-42A3-9474-1A3956D46DE8}") = "SP 06", "SP 06", "{F033F950-0FEB-44FD-AA90-CE6505313249}"
EndProject
Project("{FAE04EC0-301F-11D3-BF4B-00C04F79EFBC}") = "SP 06. TPL", "SP 06. TPL\SP 06. TPL.csproj", "{A170D1F8-65F3-4B38-9B15-4C04FB553098}"
EndProject
Project("{FAE04EC0-301F-11D3-BF4B-00C04F79EFBC}") = "SP 06. Task Result", "SP 06. Task Result\SP 06. Task Result.csproj", "{0E1915FA-A7C1-4B33-A32B-F3FDD7EAA132}"
EndProject
Project("{FAE04EC0-301F-11D3-BF4B-00C04F79EFBC}") = "SP 06. Continuations", "SP 06. Continuations\SP 06. Continuations.csproj", "{264A24E8-25A0-45A3-B2DA-AA8B1F32B04C}"
EndProject
Global
	GlobalSection(SolutionConfigurationPlatforms) = preSolution
		Debug|Any CPU = Debug|Any CPU
		Release|Any CPU = Release|Any CPU
	EndGlobalSection
	GlobalSection(ProjectConfigurationPlatforms) = postSolution
		{D4A9F589-16B6-41D9-AC56-8F6CA6C7B1D3}.Debug|Any CPU.ActiveCfg = Debug|Any CPU
		{D4A9F589-16B6-41D9-AC56-8F6CA6C7B1D3}.Debug|Any CPU.Build.0 = Debug|Any CPU
		{D4A9F589-16B6-41D9-AC56-8F6CA6C7B1D3}.Release|Any CPU.ActiveCfg = Release|Any CPU
		{D4A9F589-16B6-41D9-AC56-8F6CA6C7B1D3}.Release|Any CPU.Build.0 = Release|Any CPU
		{2EF8C38B-2DD4-4AD6-8AD0-4D0CCDF5048B}.Debug|Any CPU.ActiveCfg = Debug|Any CPU
		{2EF8C38B-2DD4-4AD6-8AD0-4D0CCDF5048B}.Debug|Any CPU.Build.0 = Debug|Any CPU
		{2EF8C38B-2DD4-4AD6-8AD0-4D0CCDF5048B}.Release|Any CPU.ActiveCfg = Release|Any CPU
		{2EF8C38B-2DD4-4AD6-8AD0-4D0CCDF5048B}.Release|Any CPU.Build.0 = Release|Any CPU
		{7970BFD1-848B-4077-83AC-4DE22643548E}.Debug|Any CPU.ActiveCfg = Debug|Any CPU
		{7970BFD1-848B-4077-83AC-4DE22643548E}.Debug|Any CPU.Build.0 = Debug|Any CPU
		{7970BFD1-848B-4077-83AC-4DE22643548E}.Release|Any CPU.ActiveCfg = Release|Any CPU
		{7970BFD1-848B-4077-83AC-4DE22643548E}.Release|Any CPU.Build.0 = Release|Any CPU
		{725E6AB3-F2DC-4A02-92DA-3D670C6A875D}.Debug|Any CPU.ActiveCfg = Debug|Any CPU
		{725E6AB3-F2DC-4A02-92DA-3D670C6A875D}.Debug|Any CPU.Build.0 = Debug|Any CPU
		{725E6AB3-F2DC-4A02-92DA-3D670C6A875D}.Release|Any CPU.ActiveCfg = Release|Any CPU
		{725E6AB3-F2DC-4A02-92DA-3D670C6A875D}.Release|Any CPU.Build.0 = Release|Any CPU
		{3C65A4D2-6670-45CB-AF22-63D5EA136F6D}.Debug|Any CPU.ActiveCfg = Debug|Any CPU
		{3C65A4D2-6670-45CB-AF22-63D5EA136F6D}.Debug|Any CPU.Build.0 = Debug|Any CPU
		{3C65A4D2-6670-45CB-AF22-63D5EA136F6D}.Release|Any CPU.ActiveCfg = Release|Any CPU
		{3C65A4D2-6670-45CB-AF22-63D5EA136F6D}.Release|Any CPU.Build.0 = Release|Any CPU
		{3650E4D8-2DC8-40DA-9683-C912766F9C77}.Debug|Any CPU.ActiveCfg = Debug|Any CPU
		{3650E4D8-2DC8-40DA-9683-C912766F9C77}.Debug|Any CPU.Build.0 = Debug|Any CPU
		{3650E4D8-2DC8-40DA-9683-C912766F9C77}.Release|Any CPU.ActiveCfg = Release|Any CPU
		{3650E4D8-2DC8-40DA-9683-C912766F9C77}.Release|Any CPU.Build.0 = Release|Any CPU
		{E807765B-EA8C-49F3-B409-84E3E147C41E}.Debug|Any CPU.ActiveCfg = Debug|Any CPU
		{E807765B-EA8C-49F3-B409-84E3E147C41E}.Debug|Any CPU.Build.0 = Debug|Any CPU
		{E807765B-EA8C-49F3-B409-84E3E147C41E}.Release|Any CPU.ActiveCfg = Release|Any CPU
		{E807765B-EA8C-49F3-B409-84E3E147C41E}.Release|Any CPU.Build.0 = Release|Any CPU
		{BE7AF087-3124-4DBD-AC29-2A09BA1FA265}.Debug|Any CPU.ActiveCfg = Debug|Any CPU
		{BE7AF087-3124-4DBD-AC29-2A09BA1FA265}.Debug|Any CPU.Build.0 = Debug|Any CPU
		{BE7AF087-3124-4DBD-AC29-2A09BA1FA265}.Release|Any CPU.ActiveCfg = Release|Any CPU
		{BE7AF087-3124-4DBD-AC29-2A09BA1FA265}.Release|Any CPU.Build.0 = Release|Any CPU
		{6975C2F4-5CC2-4059-AEA4-B1D6A71D80F6}.Debug|Any CPU.ActiveCfg = Debug|Any CPU
		{6975C2F4-5CC2-4059-AEA4-B1D6A71D80F6}.Debug|Any CPU.Build.0 = Debug|Any CPU
		{6975C2F4-5CC2-4059-AEA4-B1D6A71D80F6}.Release|Any CPU.ActiveCfg = Release|Any CPU
		{6975C2F4-5CC2-4059-AEA4-B1D6A71D80F6}.Release|Any CPU.Build.0 = Release|Any CPU
		{4FAD5C59-1D1E-4B41-ACCD-CA4959F6E428}.Debug|Any CPU.ActiveCfg = Debug|Any CPU
		{4FAD5C59-1D1E-4B41-ACCD-CA4959F6E428}.Debug|Any CPU.Build.0 = Debug|Any CPU
		{4FAD5C59-1D1E-4B41-ACCD-CA4959F6E428}.Release|Any CPU.ActiveCfg = Release|Any CPU
		{4FAD5C59-1D1E-4B41-ACCD-CA4959F6E428}.Release|Any CPU.Build.0 = Release|Any CPU
		{BB71AA07-B987-4CC1-9495-25961F31CA4A}.Debug|Any CPU.ActiveCfg = Debug|Any CPU
		{BB71AA07-B987-4CC1-9495-25961F31CA4A}.Debug|Any CPU.Build.0 = Debug|Any CPU
		{BB71AA07-B987-4CC1-9495-25961F31CA4A}.Release|Any CPU.ActiveCfg = Release|Any CPU
		{BB71AA07-B987-4CC1-9495-25961F31CA4A}.Release|Any CPU.Build.0 = Release|Any CPU
		{A170D1F8-65F3-4B38-9B15-4C04FB553098}.Debug|Any CPU.ActiveCfg = Debug|Any CPU
		{A170D1F8-65F3-4B38-9B15-4C04FB553098}.Debug|Any CPU.Build.0 = Debug|Any CPU
		{A170D1F8-65F3-4B38-9B15-4C04FB553098}.Release|Any CPU.ActiveCfg = Release|Any CPU
		{A170D1F8-65F3-4B38-9B15-4C04FB553098}.Release|Any CPU.Build.0 = Release|Any CPU
		{0E1915FA-A7C1-4B33-A32B-F3FDD7EAA132}.Debug|Any CPU.ActiveCfg = Debug|Any CPU
		{0E1915FA-A7C1-4B33-A32B-F3FDD7EAA132}.Debug|Any CPU.Build.0 = Debug|Any CPU
		{0E1915FA-A7C1-4B33-A32B-F3FDD7EAA132}.Release|Any CPU.ActiveCfg = Release|Any CPU
		{0E1915FA-A7C1-4B33-A32B-F3FDD7EAA132}.Release|Any CPU.Build.0 = Release|Any CPU
		{264A24E8-25A0-45A3-B2DA-AA8B1F32B04C}.Debug|Any CPU.ActiveCfg = Debug|Any CPU
		{264A24E8-25A0-45A3-B2DA-AA8B1F32B04C}.Debug|Any CPU.Build.0 = Debug|Any CPU
		{264A24E8-25A0-45A3-B2DA-AA8B1F32B04C}.Release|Any CPU.ActiveCfg = Release|Any CPU
		{264A24E8-25A0-45A3-B2DA-AA8B1F32B04C}.Release|Any CPU.Build.0 = Release|Any CPU
	EndGlobalSection
	GlobalSection(SolutionProperties) = preSolution
		HideSolutionNode = FALSE
	EndGlobalSection
	GlobalSection(NestedProjects) = preSolution
		{D4A9F589-16B6-41D9-AC56-8F6CA6C7B1D3} = {02EA681E-C7D8-13C7-8484-4AC65E1B71E8}
		{2EF8C38B-2DD4-4AD6-8AD0-4D0CCDF5048B} = {D9503B97-CA7D-4C63-AF5E-BBB6BF961166}
		{7970BFD1-848B-4077-83AC-4DE22643548E} = {D9503B97-CA7D-4C63-AF5E-BBB6BF961166}
		{725E6AB3-F2DC-4A02-92DA-3D670C6A875D} = {1E23A5C8-4E63-4AAF-941E-9A28BD8A8663}
		{3C65A4D2-6670-45CB-AF22-63D5EA136F6D} = {1E23A5C8-4E63-4AAF-941E-9A28BD8A8663}
		{3650E4D8-2DC8-40DA-9683-C912766F9C77} = {DDCD3139-447D-4389-9A2D-8C80FE610735}
		{E807765B-EA8C-49F3-B409-84E3E147C41E} = {AC9CEC20-8F2D-4772-AE2C-3EE1E6466570}
		{BE7AF087-3124-4DBD-AC29-2A09BA1FA265} = {AC9CEC20-8F2D-4772-AE2C-3EE1E6466570}
		{6975C2F4-5CC2-4059-AEA4-B1D6A71D80F6} = {AC9CEC20-8F2D-4772-AE2C-3EE1E6466570}
		{4FAD5C59-1D1E-4B41-ACCD-CA4959F6E428} = {AC9CEC20-8F2D-4772-AE2C-3EE1E6466570}
		{BB71AA07-B987-4CC1-9495-25961F31CA4A} = {AC9CEC20-8F2D-4772-AE2C-3EE1E6466570}
		{A170D1F8-65F3-4B38-9B15-4C04FB553098} = {F033F950-0FEB-44FD-AA90-CE6505313249}
		{0E1915FA-A7C1-4B33-A32B-F3FDD7EAA132} = {F033F950-0FEB-44FD-AA90-CE6505313249}
		{264A24E8-25A0-45A3-B2DA-AA8B1F32B04C} = {F033F950-0FEB-44FD-AA90-CE6505313249}
	EndGlobalSection
	GlobalSection(ExtensibilityGlobals) = postSolution
		SolutionGuid = {63512BA3-066E-41B3-B697-217F6566FDE7}
	EndGlobalSection
EndGlobal
